
Microsoft Visual Studio Solution File, Format Version 10.00
# Visual Studio 2008
Project("{F184B08F-C81C-45F6-A57F-5ABD9991F28F}") = "iROB_EA", "iROB_EA.vbproj", "{9D3D0195-F018-447D-9508-680ADCF4E2AF}"
EndProject
Project("{54435603-DBB4-11D2-8724-00A0C9A8B90C}") = "iROB_EA_Consola_Setup", "..\ROB_EA_Consola_Setup\ROB_EA_Consola_Setup.vdproj", "{E4EB315C-6DC7-426B-950B-119B1B6D9EF6}"
EndProject
Global
	GlobalSection(SolutionConfigurationPlatforms) = preSolution
		Debug|Any CPU = Debug|Any CPU
		Release|Any CPU = Release|Any CPU
	EndGlobalSection
	GlobalSection(ProjectConfigurationPlatforms) = postSolution
		{9D3D0195-F018-447D-9508-680ADCF4E2AF}.Debug|Any CPU.ActiveCfg = Debug|Any CPU
		{9D3D0195-F018-447D-9508-680ADCF4E2AF}.Debug|Any CPU.Build.0 = Debug|Any CPU
		{9D3D0195-F018-447D-9508-680ADCF4E2AF}.Release|Any CPU.ActiveCfg = Release|Any CPU
		{9D3D0195-F018-447D-9508-680ADCF4E2AF}.Release|Any CPU.Build.0 = Release|Any CPU
		{E4EB315C-6DC7-426B-950B-119B1B6D9EF6}.Debug|Any CPU.ActiveCfg = Debug
		{E4EB315C-6DC7-426B-950B-119B1B6D9EF6}.Release|Any CPU.ActiveCfg = Release
	EndGlobalSection
	GlobalSection(SolutionProperties) = preSolution
		HideSolutionNode = FALSE
	EndGlobalSection
EndGlobal
